
Microsoft Visual Studio Solution File, Format Version 12.00
# Visual Studio Version 16
VisualStudioVersion = 16.0.29609.76
MinimumVisualStudioVersion = 10.0.40219.1
Project("{FAE04EC0-301F-11D3-BF4B-00C04F79EFBC}") = "SignalRChat", "SignalRChat\SignalRChat.csproj", "{96E92C41-445D-420B-8558-4CA0475198EA}"
EndProject
Global
	GlobalSection(SolutionConfigurationPlatforms) = preSolution
		Debug|Any CPU = Debug|Any CPU
		Release|Any CPU = Release|Any CPU
	EndGlobalSection
	GlobalSection(ProjectConfigurationPlatforms) = postSolution
		{96E92C41-445D-420B-8558-4CA0475198EA}.Debug|Any CPU.ActiveCfg = Debug|Any CPU
		{96E92C41-445D-420B-8558-4CA0475198EA}.Debug|Any CPU.Build.0 = Debug|Any CPU
		{96E92C41-445D-420B-8558-4CA0475198EA}.Release|Any CPU.ActiveCfg = Release|Any CPU
		{96E92C41-445D-420B-8558-4CA0475198EA}.Release|Any CPU.Build.0 = Release|Any CPU
	EndGlobalSection
	GlobalSection(SolutionProperties) = preSolution
		HideSolutionNode = FALSE
	EndGlobalSection
	GlobalSection(ExtensibilityGlobals) = postSolution
		SolutionGuid = {112304A6-68C2-4EDB-8824-2B497BEF2188}
	EndGlobalSection
EndGlobal
